
Microsoft Visual Studio Solution File, Format Version 12.00
# Visual Studio Version 17
VisualStudioVersion = 17.10.34928.147
MinimumVisualStudioVersion = 10.0.40219.1
Project("{FAE04EC0-301F-11D3-BF4B-00C04F79EFBC}") = "TareasAPI_902", "TareasAPI_902.csproj", "{ED5F4C98-36D3-466A-B1D4-2E8593C7F701}"
EndProject
Global
	GlobalSection(SolutionConfigurationPlatforms) = preSolution
		Debug|Any CPU = Debug|Any CPU
		Release|Any CPU = Release|Any CPU
	EndGlobalSection
	GlobalSection(ProjectConfigurationPlatforms) = postSolution
		{ED5F4C98-36D3-466A-B1D4-2E8593C7F701}.Debug|Any CPU.ActiveCfg = Debug|Any CPU
		{ED5F4C98-36D3-466A-B1D4-2E8593C7F701}.Debug|Any CPU.Build.0 = Debug|Any CPU
		{ED5F4C98-36D3-466A-B1D4-2E8593C7F701}.Release|Any CPU.ActiveCfg = Release|Any CPU
		{ED5F4C98-36D3-466A-B1D4-2E8593C7F701}.Release|Any CPU.Build.0 = Release|Any CPU
	EndGlobalSection
	GlobalSection(SolutionProperties) = preSolution
		HideSolutionNode = FALSE
	EndGlobalSection
	GlobalSection(ExtensibilityGlobals) = postSolution
		SolutionGuid = {FE0C36E7-9AE3-4D80-A84C-04A95220DC27}
	EndGlobalSection
EndGlobal
